
Microsoft Visual Studio Solution File, Format Version 12.00
# Visual Studio Version 17
VisualStudioVersion = 17.2.32630.192
MinimumVisualStudioVersion = 10.0.40219.1
Project("{9A19103F-16F7-4668-BE54-9A1E7A4F7556}") = "RHPsicotest.WebSite", "RHPsicotest.WebSite\RHPsicotest.WebSite.csproj", "{03C4DE5B-9A73-44D2-8EF4-03CF06540041}"
EndProject
Global
	GlobalSection(SolutionConfigurationPlatforms) = preSolution
		Debug|Any CPU = Debug|Any CPU
		Release|Any CPU = Release|Any CPU
	EndGlobalSection
	GlobalSection(ProjectConfigurationPlatforms) = postSolution
		{03C4DE5B-9A73-44D2-8EF4-03CF06540041}.Debug|Any CPU.ActiveCfg = Debug|Any CPU
		{03C4DE5B-9A73-44D2-8EF4-03CF06540041}.Debug|Any CPU.Build.0 = Debug|Any CPU
		{03C4DE5B-9A73-44D2-8EF4-03CF06540041}.Release|Any CPU.ActiveCfg = Release|Any CPU
		{03C4DE5B-9A73-44D2-8EF4-03CF06540041}.Release|Any CPU.Build.0 = Release|Any CPU
	EndGlobalSection
	GlobalSection(SolutionProperties) = preSolution
		HideSolutionNode = FALSE
	EndGlobalSection
	GlobalSection(ExtensibilityGlobals) = postSolution
		SolutionGuid = {EFD4B034-006E-4DDD-9ACB-4B40BABD0C7F}
	EndGlobalSection
EndGlobal
